{
  "pins" : [
    {
      "identity" : "easycsv",
      "kind" : "remoteSourceControl",
      "location" : "https://github.com/scottandrew/EasyCSV.git",
      "state" : {
        "branch" : "main",
        "revision" : "3c9d661bf430df6974e0120ebc18c947abd3d90f"
      }
    },
    {
      "identity" : "swift-collections",
      "kind" : "remoteSourceControl",
      "location" : "https://github.com/apple/swift-collections.git",
      "state" : {
        "revision" : "48254824bb4248676bf7ce56014ff57b142b77eb",
        "version" : "1.0.2"
      }
    }
  ],
  "version" : 2
}
