// !$*UTF8*$!
{
	archiveVersion = 1;
	classes = {
	};
	objectVersion = 56;
	objects = {

/* Begin PBXBuildFile section */
		404C5B7D28A4AA4C0005297B /* TestData.csv in Resources */ = {isa = PBXBuildFile; fileRef = 404C5B7C28A4AA4C0005297B /* TestData.csv */; };
		409580FD289CDBE5001D33EF /* EasyCSV in Frameworks */ = {isa = PBXBuildFile; productRef = 409580FC289CDBE5001D33EF /* EasyCSV */; };
		40958100289CDC29001D33EF /* PriceData.swift in Sources */ = {isa = PBXBuildFile; fileRef = 409580FF289CDC29001D33EF /* PriceData.swift */; };
		4097A108289D562D00CBF7BF /* RegionData.swift in Sources */ = {isa = PBXBuildFile; fileRef = 4097A107289D562D00CBF7BF /* RegionData.swift */; };
		4097A10B289DD9FD00CBF7BF /* String+Utils.swift in Sources */ = {isa = PBXBuildFile; fileRef = 4097A10A289DD9FD00CBF7BF /* String+Utils.swift */; };
		4097A10D289EB0FE00CBF7BF /* RegionDataParser.swift in Sources */ = {isa = PBXBuildFile; fileRef = 4097A10C289EB0FE00CBF7BF /* RegionDataParser.swift */; };
		409EE186289A219D002EF054 /* HousingDataApp.swift in Sources */ = {isa = PBXBuildFile; fileRef = 409EE185289A219D002EF054 /* HousingDataApp.swift */; };
		409EE188289A219D002EF054 /* ContentView.swift in Sources */ = {isa = PBXBuildFile; fileRef = 409EE187289A219D002EF054 /* ContentView.swift */; };
		409EE18A289A219E002EF054 /* Assets.xcassets in Resources */ = {isa = PBXBuildFile; fileRef = 409EE189289A219E002EF054 /* Assets.xcassets */; };
		409EE18D289A219E002EF054 /* Preview Assets.xcassets in Resources */ = {isa = PBXBuildFile; fileRef = 409EE18C289A219E002EF054 /* Preview Assets.xcassets */; };
		409EE198289A219E002EF054 /* RegionDataParserTests.swift in Sources */ = {isa = PBXBuildFile; fileRef = 409EE197289A219E002EF054 /* RegionDataParserTests.swift */; };
/* End PBXBuildFile section */

/* Begin PBXContainerItemProxy section */
		409EE194289A219E002EF054 /* PBXContainerItemProxy */ = {
			isa = PBXContainerItemProxy;
			containerPortal = 409EE17A289A219D002EF054 /* Project object */;
			proxyType = 1;
			remoteGlobalIDString = 409EE181289A219D002EF054;
			remoteInfo = HousingData;
		};
		409EE19E289A219E002EF054 /* PBXContainerItemProxy */ = {
			isa = PBXContainerItemProxy;
			containerPortal = 409EE17A289A219D002EF054 /* Project object */;
			proxyType = 1;
			remoteGlobalIDString = 409EE181289A219D002EF054;
			remoteInfo = HousingData;
		};
/* End PBXContainerItemProxy section */

/* Begin PBXFileReference section */
		404C5B7C28A4AA4C0005297B /* TestData.csv */ = {isa = PBXFileReference; fileEncoding = 4; lastKnownFileType = text; path = TestData.csv; sourceTree = "<group>"; };
		409580FF289CDC29001D33EF /* PriceData.swift */ = {isa = PBXFileReference; lastKnownFileType = sourcecode.swift; path = PriceData.swift; sourceTree = "<group>"; };
		4097A107289D562D00CBF7BF /* RegionData.swift */ = {isa = PBXFileReference; lastKnownFileType = sourcecode.swift; path = RegionData.swift; sourceTree = "<group>"; };
		4097A10A289DD9FD00CBF7BF /* String+Utils.swift */ = {isa = PBXFileReference; lastKnownFileType = sourcecode.swift; path = "String+Utils.swift"; sourceTree = "<group>"; };
		4097A10C289EB0FE00CBF7BF /* RegionDataParser.swift */ = {isa = PBXFileReference; lastKnownFileType = sourcecode.swift; path = RegionDataParser.swift; sourceTree = "<group>"; };
		409EE182289A219D002EF054 /* HousingData.app */ = {isa = PBXFileReference; explicitFileType = wrapper.application; includeInIndex = 0; path = HousingData.app; sourceTree = BUILT_PRODUCTS_DIR; };
		409EE185289A219D002EF054 /* HousingDataApp.swift */ = {isa = PBXFileReference; lastKnownFileType = sourcecode.swift; path = HousingDataApp.swift; sourceTree = "<group>"; };
		409EE187289A219D002EF054 /* ContentView.swift */ = {isa = PBXFileReference; lastKnownFileType = sourcecode.swift; path = ContentView.swift; sourceTree = "<group>"; };
		409EE189289A219E002EF054 /* Assets.xcassets */ = {isa = PBXFileReference; lastKnownFileType = folder.assetcatalog; path = Assets.xcassets; sourceTree = "<group>"; };
		409EE18C289A219E002EF054 /* Preview Assets.xcassets */ = {isa = PBXFileReference; lastKnownFileType = folder.assetcatalog; path = "Preview Assets.xcassets"; sourceTree = "<group>"; };
		409EE18E289A219E002EF054 /* HousingData.entitlements */ = {isa = PBXFileReference; lastKnownFileType = text.plist.entitlements; path = HousingData.entitlements; sourceTree = "<group>"; };
		409EE193289A219E002EF054 /* HousingDataTests.xctest */ = {isa = PBXFileReference; explicitFileType = wrapper.cfbundle; includeInIndex = 0; path = HousingDataTests.xctest; sourceTree = BUILT_PRODUCTS_DIR; };
		409EE197289A219E002EF054 /* RegionDataParserTests.swift */ = {isa = PBXFileReference; lastKnownFileType = sourcecode.swift; path = RegionDataParserTests.swift; sourceTree = "<group>"; };
		409EE19D289A219E002EF054 /* HousingDataUITests.xctest */ = {isa = PBXFileReference; explicitFileType = wrapper.cfbundle; includeInIndex = 0; path = HousingDataUITests.xctest; sourceTree = BUILT_PRODUCTS_DIR; };
/* End PBXFileReference section */

/* Begin PBXFrameworksBuildPhase section */
		409EE17F289A219D002EF054 /* Frameworks */ = {
			isa = PBXFrameworksBuildPhase;
			buildActionMask = 2147483647;
			files = (
				409580FD289CDBE5001D33EF /* EasyCSV in Frameworks */,
			);
			runOnlyForDeploymentPostprocessing = 0;
		};
		409EE190289A219E002EF054 /* Frameworks */ = {
			isa = PBXFrameworksBuildPhase;
			buildActionMask = 2147483647;
			files = (
			);
			runOnlyForDeploymentPostprocessing = 0;
		};
		409EE19A289A219E002EF054 /* Frameworks */ = {
			isa = PBXFrameworksBuildPhase;
			buildActionMask = 2147483647;
			files = (
			);
			runOnlyForDeploymentPostprocessing = 0;
		};
/* End PBXFrameworksBuildPhase section */

/* Begin PBXGroup section */
		409580FE289CDC09001D33EF /* Data */ = {
			isa = PBXGroup;
			children = (
				409580FF289CDC29001D33EF /* PriceData.swift */,
				4097A107289D562D00CBF7BF /* RegionData.swift */,
				4097A10C289EB0FE00CBF7BF /* RegionDataParser.swift */,
			);
			path = Data;
			sourceTree = "<group>";
		};
		4097A109289DD9D700CBF7BF /* Extensions */ = {
			isa = PBXGroup;
			children = (
				4097A10A289DD9FD00CBF7BF /* String+Utils.swift */,
			);
			path = Extensions;
			sourceTree = "<group>";
		};
		409EE179289A219D002EF054 = {
			isa = PBXGroup;
			children = (
				409EE184289A219D002EF054 /* HousingData */,
				409EE196289A219E002EF054 /* HousingDataTests */,
				409EE183289A219D002EF054 /* Products */,
			);
			sourceTree = "<group>";
		};
		409EE183289A219D002EF054 /* Products */ = {
			isa = PBXGroup;
			children = (
				409EE182289A219D002EF054 /* HousingData.app */,
				409EE193289A219E002EF054 /* HousingDataTests.xctest */,
				409EE19D289A219E002EF054 /* HousingDataUITests.xctest */,
			);
			name = Products;
			sourceTree = "<group>";
		};
		409EE184289A219D002EF054 /* HousingData */ = {
			isa = PBXGroup;
			children = (
				4097A109289DD9D700CBF7BF /* Extensions */,
				409580FE289CDC09001D33EF /* Data */,
				409EE1B0289A21C0002EF054 /* CSVParser */,
				409EE185289A219D002EF054 /* HousingDataApp.swift */,
				409EE187289A219D002EF054 /* ContentView.swift */,
				409EE189289A219E002EF054 /* Assets.xcassets */,
				409EE18E289A219E002EF054 /* HousingData.entitlements */,
				409EE18B289A219E002EF054 /* Preview Content */,
			);
			path = HousingData;
			sourceTree = "<group>";
		};
		409EE18B289A219E002EF054 /* Preview Content */ = {
			isa = PBXGroup;
			children = (
				409EE18C289A219E002EF054 /* Preview Assets.xcassets */,
			);
			path = "Preview Content";
			sourceTree = "<group>";
		};
		409EE196289A219E002EF054 /* HousingDataTests */ = {
			isa = PBXGroup;
			children = (
				404C5B7C28A4AA4C0005297B /* TestData.csv */,
				409EE197289A219E002EF054 /* RegionDataParserTests.swift */,
			);
			path = HousingDataTests;
			sourceTree = "<group>";
		};
		409EE1B0289A21C0002EF054 /* CSVParser */ = {
			isa = PBXGroup;
			children = (
			);
			path = CSVParser;
			sourceTree = "<group>";
		};
/* End PBXGroup section */

/* Begin PBXNativeTarget section */
		409EE181289A219D002EF054 /* HousingData */ = {
			isa = PBXNativeTarget;
			buildConfigurationList = 409EE1A7289A219E002EF054 /* Build configuration list for PBXNativeTarget "HousingData" */;
			buildPhases = (
				409EE17E289A219D002EF054 /* Sources */,
				409EE17F289A219D002EF054 /* Frameworks */,
				409EE180289A219D002EF054 /* Resources */,
			);
			buildRules = (
			);
			dependencies = (
			);
			name = HousingData;
			packageProductDependencies = (
				409580FC289CDBE5001D33EF /* EasyCSV */,
			);
			productName = HousingData;
			productReference = 409EE182289A219D002EF054 /* HousingData.app */;
			productType = "com.apple.product-type.application";
		};
		409EE192289A219E002EF054 /* HousingDataTests */ = {
			isa = PBXNativeTarget;
			buildConfigurationList = 409EE1AA289A219E002EF054 /* Build configuration list for PBXNativeTarget "HousingDataTests" */;
			buildPhases = (
				409EE18F289A219E002EF054 /* Sources */,
				409EE190289A219E002EF054 /* Frameworks */,
				409EE191289A219E002EF054 /* Resources */,
			);
			buildRules = (
			);
			dependencies = (
				409EE195289A219E002EF054 /* PBXTargetDependency */,
			);
			name = HousingDataTests;
			productName = HousingDataTests;
			productReference = 409EE193289A219E002EF054 /* HousingDataTests.xctest */;
			productType = "com.apple.product-type.bundle.unit-test";
		};
		409EE19C289A219E002EF054 /* HousingDataUITests */ = {
			isa = PBXNativeTarget;
			buildConfigurationList = 409EE1AD289A219E002EF054 /* Build configuration list for PBXNativeTarget "HousingDataUITests" */;
			buildPhases = (
				409EE199289A219E002EF054 /* Sources */,
				409EE19A289A219E002EF054 /* Frameworks */,
				409EE19B289A219E002EF054 /* Resources */,
			);
			buildRules = (
			);
			dependencies = (
				409EE19F289A219E002EF054 /* PBXTargetDependency */,
			);
			name = HousingDataUITests;
			productName = HousingDataUITests;
			productReference = 409EE19D289A219E002EF054 /* HousingDataUITests.xctest */;
			productType = "com.apple.product-type.bundle.ui-testing";
		};
/* End PBXNativeTarget section */

/* Begin PBXProject section */
		409EE17A289A219D002EF054 /* Project object */ = {
			isa = PBXProject;
			attributes = {
				BuildIndependentTargetsInParallel = 1;
				LastSwiftUpdateCheck = 1400;
				LastUpgradeCheck = 1400;
				TargetAttributes = {
					409EE181289A219D002EF054 = {
						CreatedOnToolsVersion = 14.0;
					};
					409EE192289A219E002EF054 = {
						CreatedOnToolsVersion = 14.0;
						TestTargetID = 409EE181289A219D002EF054;
					};
					409EE19C289A219E002EF054 = {
						CreatedOnToolsVersion = 14.0;
						TestTargetID = 409EE181289A219D002EF054;
					};
				};
			};
			buildConfigurationList = 409EE17D289A219D002EF054 /* Build configuration list for PBXProject "HousingData" */;
			compatibilityVersion = "Xcode 14.0";
			developmentRegion = en;
			hasScannedForEncodings = 0;
			knownRegions = (
				en,
				Base,
			);
			mainGroup = 409EE179289A219D002EF054;
			packageReferences = (
				409580FB289CDBE5001D33EF /* XCRemoteSwiftPackageReference "EasyCSV" */,
			);
			productRefGroup = 409EE183289A219D002EF054 /* Products */;
			projectDirPath = "";
			projectRoot = "";
			targets = (
				409EE181289A219D002EF054 /* HousingData */,
				409EE192289A219E002EF054 /* HousingDataTests */,
				409EE19C289A219E002EF054 /* HousingDataUITests */,
			);
		};
/* End PBXProject section */

/* Begin PBXResourcesBuildPhase section */
		409EE180289A219D002EF054 /* Resources */ = {
			isa = PBXResourcesBuildPhase;
			buildActionMask = 2147483647;
			files = (
				409EE18D289A219E002EF054 /* Preview Assets.xcassets in Resources */,
				409EE18A289A219E002EF054 /* Assets.xcassets in Resources */,
			);
			runOnlyForDeploymentPostprocessing = 0;
		};
		409EE191289A219E002EF054 /* Resources */ = {
			isa = PBXResourcesBuildPhase;
			buildActionMask = 2147483647;
			files = (
				404C5B7D28A4AA4C0005297B /* TestData.csv in Resources */,
			);
			runOnlyForDeploymentPostprocessing = 0;
		};
		409EE19B289A219E002EF054 /* Resources */ = {
			isa = PBXResourcesBuildPhase;
			buildActionMask = 2147483647;
			files = (
			);
			runOnlyForDeploymentPostprocessing = 0;
		};
/* End PBXResourcesBuildPhase section */

/* Begin PBXSourcesBuildPhase section */
		409EE17E289A219D002EF054 /* Sources */ = {
			isa = PBXSourcesBuildPhase;
			buildActionMask = 2147483647;
			files = (
				4097A10D289EB0FE00CBF7BF /* RegionDataParser.swift in Sources */,
				4097A10B289DD9FD00CBF7BF /* String+Utils.swift in Sources */,
				409EE188289A219D002EF054 /* ContentView.swift in Sources */,
				40958100289CDC29001D33EF /* PriceData.swift in Sources */,
				409EE186289A219D002EF054 /* HousingDataApp.swift in Sources */,
				4097A108289D562D00CBF7BF /* RegionData.swift in Sources */,
			);
			runOnlyForDeploymentPostprocessing = 0;
		};
		409EE18F289A219E002EF054 /* Sources */ = {
			isa = PBXSourcesBuildPhase;
			buildActionMask = 2147483647;
			files = (
				409EE198289A219E002EF054 /* RegionDataParserTests.swift in Sources */,
			);
			runOnlyForDeploymentPostprocessing = 0;
		};
		409EE199289A219E002EF054 /* Sources */ = {
			isa = PBXSourcesBuildPhase;
			buildActionMask = 2147483647;
			files = (
			);
			runOnlyForDeploymentPostprocessing = 0;
		};
/* End PBXSourcesBuildPhase section */

/* Begin PBXTargetDependency section */
		409EE195289A219E002EF054 /* PBXTargetDependency */ = {
			isa = PBXTargetDependency;
			target = 409EE181289A219D002EF054 /* HousingData */;
			targetProxy = 409EE194289A219E002EF054 /* PBXContainerItemProxy */;
		};
		409EE19F289A219E002EF054 /* PBXTargetDependency */ = {
			isa = PBXTargetDependency;
			target = 409EE181289A219D002EF054 /* HousingData */;
			targetProxy = 409EE19E289A219E002EF054 /* PBXContainerItemProxy */;
		};
/* End PBXTargetDependency section */

/* Begin XCBuildConfiguration section */
		409EE1A5289A219E002EF054 /* Debug */ = {
			isa = XCBuildConfiguration;
			buildSettings = {
				ALWAYS_SEARCH_USER_PATHS = NO;
				CLANG_ANALYZER_NONNULL = YES;
				CLANG_ANALYZER_NUMBER_OBJECT_CONVERSION = YES_AGGRESSIVE;
				CLANG_CXX_LANGUAGE_STANDARD = "gnu++20";
				CLANG_ENABLE_MODULES = YES;
				CLANG_ENABLE_OBJC_ARC = YES;
				CLANG_ENABLE_OBJC_WEAK = YES;
				CLANG_WARN_BLOCK_CAPTURE_AUTORELEASING = YES;
				CLANG_WARN_BOOL_CONVERSION = YES;
				CLANG_WARN_COMMA = YES;
				CLANG_WARN_CONSTANT_CONVERSION = YES;
				CLANG_WARN_DEPRECATED_OBJC_IMPLEMENTATIONS = YES;
				CLANG_WARN_DIRECT_OBJC_ISA_USAGE = YES_ERROR;
				CLANG_WARN_DOCUMENTATION_COMMENTS = YES;
				CLANG_WARN_EMPTY_BODY = YES;
				CLANG_WARN_ENUM_CONVERSION = YES;
				CLANG_WARN_INFINITE_RECURSION = YES;
				CLANG_WARN_INT_CONVERSION = YES;
				CLANG_WARN_NON_LITERAL_NULL_CONVERSION = YES;
				CLANG_WARN_OBJC_IMPLICIT_RETAIN_SELF = YES;
				CLANG_WARN_OBJC_LITERAL_CONVERSION = YES;
				CLANG_WARN_OBJC_ROOT_CLASS = YES_ERROR;
				CLANG_WARN_QUOTED_INCLUDE_IN_FRAMEWORK_HEADER = YES;
				CLANG_WARN_RANGE_LOOP_ANALYSIS = YES;
				CLANG_WARN_STRICT_PROTOTYPES = YES;
				CLANG_WARN_SUSPICIOUS_MOVE = YES;
				CLANG_WARN_UNGUARDED_AVAILABILITY = YES_AGGRESSIVE;
				CLANG_WARN_UNREACHABLE_CODE = YES;
				CLANG_WARN__DUPLICATE_METHOD_MATCH = YES;
				COPY_PHASE_STRIP = NO;
				DEBUG_INFORMATION_FORMAT = dwarf;
				ENABLE_STRICT_OBJC_MSGSEND = YES;
				ENABLE_TESTABILITY = YES;
				GCC_C_LANGUAGE_STANDARD = gnu11;
				GCC_DYNAMIC_NO_PIC = NO;
				GCC_NO_COMMON_BLOCKS = YES;
				GCC_OPTIMIZATION_LEVEL = 0;
				GCC_PREPROCESSOR_DEFINITIONS = (
					"DEBUG=1",
					"$(inherited)",
				);
				GCC_WARN_64_TO_32_BIT_CONVERSION = YES;
				GCC_WARN_ABOUT_RETURN_TYPE = YES_ERROR;
				GCC_WARN_UNDECLARED_SELECTOR = YES;
				GCC_WARN_UNINITIALIZED_AUTOS = YES_AGGRESSIVE;
				GCC_WARN_UNUSED_FUNCTION = YES;
				GCC_WARN_UNUSED_VARIABLE = YES;
				MACOSX_DEPLOYMENT_TARGET = 13.0;
				MTL_ENABLE_DEBUG_INFO = INCLUDE_SOURCE;
				MTL_FAST_MATH = YES;
				ONLY_ACTIVE_ARCH = YES;
				SDKROOT = macosx;
				SWIFT_ACTIVE_COMPILATION_CONDITIONS = DEBUG;
				SWIFT_OPTIMIZATION_LEVEL = "-Onone";
			};
			name = Debug;
		};
		409EE1A6289A219E002EF054 /* Release */ = {
			isa = XCBuildConfiguration;
			buildSettings = {
				ALWAYS_SEARCH_USER_PATHS = NO;
				CLANG_ANALYZER_NONNULL = YES;
				CLANG_ANALYZER_NUMBER_OBJECT_CONVERSION = YES_AGGRESSIVE;
				CLANG_CXX_LANGUAGE_STANDARD = "gnu++20";
				CLANG_ENABLE_MODULES = YES;
				CLANG_ENABLE_OBJC_ARC = YES;
				CLANG_ENABLE_OBJC_WEAK = YES;
				CLANG_WARN_BLOCK_CAPTURE_AUTORELEASING = YES;
				CLANG_WARN_BOOL_CONVERSION = YES;
				CLANG_WARN_COMMA = YES;
				CLANG_WARN_CONSTANT_CONVERSION = YES;
				CLANG_WARN_DEPRECATED_OBJC_IMPLEMENTATIONS = YES;
				CLANG_WARN_DIRECT_OBJC_ISA_USAGE = YES_ERROR;
				CLANG_WARN_DOCUMENTATION_COMMENTS = YES;
				CLANG_WARN_EMPTY_BODY = YES;
				CLANG_WARN_ENUM_CONVERSION = YES;
				CLANG_WARN_INFINITE_RECURSION = YES;
				CLANG_WARN_INT_CONVERSION = YES;
				CLANG_WARN_NON_LITERAL_NULL_CONVERSION = YES;
				CLANG_WARN_OBJC_IMPLICIT_RETAIN_SELF = YES;
				CLANG_WARN_OBJC_LITERAL_CONVERSION = YES;
				CLANG_WARN_OBJC_ROOT_CLASS = YES_ERROR;
				CLANG_WARN_QUOTED_INCLUDE_IN_FRAMEWORK_HEADER = YES;
				CLANG_WARN_RANGE_LOOP_ANALYSIS = YES;
				CLANG_WARN_STRICT_PROTOTYPES = YES;
				CLANG_WARN_SUSPICIOUS_MOVE = YES;
				CLANG_WARN_UNGUARDED_AVAILABILITY = YES_AGGRESSIVE;
				CLANG_WARN_UNREACHABLE_CODE = YES;
				CLANG_WARN__DUPLICATE_METHOD_MATCH = YES;
				COPY_PHASE_STRIP = NO;
				DEBUG_INFORMATION_FORMAT = "dwarf-with-dsym";
				ENABLE_NS_ASSERTIONS = NO;
				ENABLE_STRICT_OBJC_MSGSEND = YES;
				GCC_C_LANGUAGE_STANDARD = gnu11;
				GCC_NO_COMMON_BLOCKS = YES;
				GCC_WARN_64_TO_32_BIT_CONVERSION = YES;
				GCC_WARN_ABOUT_RETURN_TYPE = YES_ERROR;
				GCC_WARN_UNDECLARED_SELECTOR = YES;
				GCC_WARN_UNINITIALIZED_AUTOS = YES_AGGRESSIVE;
				GCC_WARN_UNUSED_FUNCTION = YES;
				GCC_WARN_UNUSED_VARIABLE = YES;
				MACOSX_DEPLOYMENT_TARGET = 13.0;
				MTL_ENABLE_DEBUG_INFO = NO;
				MTL_FAST_MATH = YES;
				SDKROOT = macosx;
				SWIFT_COMPILATION_MODE = wholemodule;
				SWIFT_OPTIMIZATION_LEVEL = "-O";
			};
			name = Release;
		};
		409EE1A8289A219E002EF054 /* Debug */ = {
			isa = XCBuildConfiguration;
			buildSettings = {
				ASSETCATALOG_COMPILER_APPICON_NAME = AppIcon;
				ASSETCATALOG_COMPILER_GLOBAL_ACCENT_COLOR_NAME = AccentColor;
				CODE_SIGN_ENTITLEMENTS = HousingData/HousingData.entitlements;
				CODE_SIGN_STYLE = Automatic;
				COMBINE_HIDPI_IMAGES = YES;
				CURRENT_PROJECT_VERSION = 1;
				DEVELOPMENT_ASSET_PATHS = "\"HousingData/Preview Content\"";
				DEVELOPMENT_TEAM = L4N82R5CV4;
				ENABLE_HARDENED_RUNTIME = YES;
				ENABLE_PREVIEWS = YES;
				GENERATE_INFOPLIST_FILE = YES;
				INFOPLIST_KEY_NSHumanReadableCopyright = "";
				LD_RUNPATH_SEARCH_PATHS = (
					"$(inherited)",
					"@executable_path/../Frameworks",
				);
				MARKETING_VERSION = 1.0;
				PRODUCT_BUNDLE_IDENTIFIER = com.newWaveDigital.HousingData;
				PRODUCT_NAME = "$(TARGET_NAME)";
				SWIFT_EMIT_LOC_STRINGS = YES;
				SWIFT_VERSION = 5.0;
			};
			name = Debug;
		};
		409EE1A9289A219E002EF054 /* Release */ = {
			isa = XCBuildConfiguration;
			buildSettings = {
				ASSETCATALOG_COMPILER_APPICON_NAME = AppIcon;
				ASSETCATALOG_COMPILER_GLOBAL_ACCENT_COLOR_NAME = AccentColor;
				CODE_SIGN_ENTITLEMENTS = HousingData/HousingData.entitlements;
				CODE_SIGN_STYLE = Automatic;
				COMBINE_HIDPI_IMAGES = YES;
				CURRENT_PROJECT_VERSION = 1;
				DEVELOPMENT_ASSET_PATHS = "\"HousingData/Preview Content\"";
				DEVELOPMENT_TEAM = L4N82R5CV4;
				ENABLE_HARDENED_RUNTIME = YES;
				ENABLE_PREVIEWS = YES;
				GENERATE_INFOPLIST_FILE = YES;
				INFOPLIST_KEY_NSHumanReadableCopyright = "";
				LD_RUNPATH_SEARCH_PATHS = (
					"$(inherited)",
					"@executable_path/../Frameworks",
				);
				MARKETING_VERSION = 1.0;
				PRODUCT_BUNDLE_IDENTIFIER = com.newWaveDigital.HousingData;
				PRODUCT_NAME = "$(TARGET_NAME)";
				SWIFT_EMIT_LOC_STRINGS = YES;
				SWIFT_VERSION = 5.0;
			};
			name = Release;
		};
		409EE1AB289A219E002EF054 /* Debug */ = {
			isa = XCBuildConfiguration;
			buildSettings = {
				ALWAYS_EMBED_SWIFT_STANDARD_LIBRARIES = YES;
				BUNDLE_LOADER = "$(TEST_HOST)";
				CODE_SIGN_STYLE = Automatic;
				CURRENT_PROJECT_VERSION = 1;
				DEVELOPMENT_TEAM = L4N82R5CV4;
				GENERATE_INFOPLIST_FILE = YES;
				MACOSX_DEPLOYMENT_TARGET = 13.0;
				MARKETING_VERSION = 1.0;
				PRODUCT_BUNDLE_IDENTIFIER = com.newWaveDigital.HousingDataTests;
				PRODUCT_NAME = "$(TARGET_NAME)";
				SWIFT_EMIT_LOC_STRINGS = NO;
				SWIFT_VERSION = 5.0;
				TEST_HOST = "$(BUILT_PRODUCTS_DIR)/HousingData.app/$(BUNDLE_EXECUTABLE_FOLDER_PATH)/HousingData";
			};
			name = Debug;
		};
		409EE1AC289A219E002EF054 /* Release */ = {
			isa = XCBuildConfiguration;
			buildSettings = {
				ALWAYS_EMBED_SWIFT_STANDARD_LIBRARIES = YES;
				BUNDLE_LOADER = "$(TEST_HOST)";
				CODE_SIGN_STYLE = Automatic;
				CURRENT_PROJECT_VERSION = 1;
				DEVELOPMENT_TEAM = L4N82R5CV4;
				GENERATE_INFOPLIST_FILE = YES;
				MACOSX_DEPLOYMENT_TARGET = 13.0;
				MARKETING_VERSION = 1.0;
				PRODUCT_BUNDLE_IDENTIFIER = com.newWaveDigital.HousingDataTests;
				PRODUCT_NAME = "$(TARGET_NAME)";
				SWIFT_EMIT_LOC_STRINGS = NO;
				SWIFT_VERSION = 5.0;
				TEST_HOST = "$(BUILT_PRODUCTS_DIR)/HousingData.app/$(BUNDLE_EXECUTABLE_FOLDER_PATH)/HousingData";
			};
			name = Release;
		};
		409EE1AE289A219E002EF054 /* Debug */ = {
			isa = XCBuildConfiguration;
			buildSettings = {
				ALWAYS_EMBED_SWIFT_STANDARD_LIBRARIES = YES;
				CODE_SIGN_STYLE = Automatic;
				CURRENT_PROJECT_VERSION = 1;
				DEVELOPMENT_TEAM = L4N82R5CV4;
				GENERATE_INFOPLIST_FILE = YES;
				MARKETING_VERSION = 1.0;
				PRODUCT_BUNDLE_IDENTIFIER = com.newWaveDigital.HousingDataUITests;
				PRODUCT_NAME = "$(TARGET_NAME)";
				SWIFT_EMIT_LOC_STRINGS = NO;
				SWIFT_VERSION = 5.0;
				TEST_TARGET_NAME = HousingData;
			};
			name = Debug;
		};
		409EE1AF289A219E002EF054 /* Release */ = {
			isa = XCBuildConfiguration;
			buildSettings = {
				ALWAYS_EMBED_SWIFT_STANDARD_LIBRARIES = YES;
				CODE_SIGN_STYLE = Automatic;
				CURRENT_PROJECT_VERSION = 1;
				DEVELOPMENT_TEAM = L4N82R5CV4;
				GENERATE_INFOPLIST_FILE = YES;
				MARKETING_VERSION = 1.0;
				PRODUCT_BUNDLE_IDENTIFIER = com.newWaveDigital.HousingDataUITests;
				PRODUCT_NAME = "$(TARGET_NAME)";
				SWIFT_EMIT_LOC_STRINGS = NO;
				SWIFT_VERSION = 5.0;
				TEST_TARGET_NAME = HousingData;
			};
			name = Release;
		};
/* End XCBuildConfiguration section */

/* Begin XCConfigurationList section */
		409EE17D289A219D002EF054 /* Build configuration list for PBXProject "HousingData" */ = {
			isa = XCConfigurationList;
			buildConfigurations = (
				409EE1A5289A219E002EF054 /* Debug */,
				409EE1A6289A219E002EF054 /* Release */,
			);
			defaultConfigurationIsVisible = 0;
			defaultConfigurationName = Release;
		};
		409EE1A7289A219E002EF054 /* Build configuration list for PBXNativeTarget "HousingData" */ = {
			isa = XCConfigurationList;
			buildConfigurations = (
				409EE1A8289A219E002EF054 /* Debug */,
				409EE1A9289A219E002EF054 /* Release */,
			);
			defaultConfigurationIsVisible = 0;
			defaultConfigurationName = Release;
		};
		409EE1AA289A219E002EF054 /* Build configuration list for PBXNativeTarget "HousingDataTests" */ = {
			isa = XCConfigurationList;
			buildConfigurations = (
				409EE1AB289A219E002EF054 /* Debug */,
				409EE1AC289A219E002EF054 /* Release */,
			);
			defaultConfigurationIsVisible = 0;
			defaultConfigurationName = Release;
		};
		409EE1AD289A219E002EF054 /* Build configuration list for PBXNativeTarget "HousingDataUITests" */ = {
			isa = XCConfigurationList;
			buildConfigurations = (
				409EE1AE289A219E002EF054 /* Debug */,
				409EE1AF289A219E002EF054 /* Release */,
			);
			defaultConfigurationIsVisible = 0;
			defaultConfigurationName = Release;
		};
/* End XCConfigurationList section */

/* Begin XCRemoteSwiftPackageReference section */
		409580FB289CDBE5001D33EF /* XCRemoteSwiftPackageReference "EasyCSV" */ = {
			isa = XCRemoteSwiftPackageReference;
			repositoryURL = "https://github.com/scottandrew/EasyCSV.git";
			requirement = {
				branch = main;
				kind = branch;
			};
		};
/* End XCRemoteSwiftPackageReference section */

/* Begin XCSwiftPackageProductDependency section */
		409580FC289CDBE5001D33EF /* EasyCSV */ = {
			isa = XCSwiftPackageProductDependency;
			package = 409580FB289CDBE5001D33EF /* XCRemoteSwiftPackageReference "EasyCSV" */;
			productName = EasyCSV;
		};
/* End XCSwiftPackageProductDependency section */
	};
	rootObject = 409EE17A289A219D002EF054 /* Project object */;
}
